
Microsoft Visual Studio Solution File, Format Version 12.00
# Visual Studio Version 17
VisualStudioVersion = 17.0.31903.59
MinimumVisualStudioVersion = 10.0.40219.1
Project("{FAE04EC0-301F-11D3-BF4B-00C04F79EFBC}") = "PetFolio.Application", "PetFolio.Application\PetFolio.Application.csproj", "{2FD24991-BAE3-41A4-A9DA-419F11D0B4E3}"
EndProject
Project("{FAE04EC0-301F-11D3-BF4B-00C04F79EFBC}") = "Petfolio.API", "Petfolio.API\Petfolio.API.csproj", "{807B76F9-16CA-4A38-859B-69C86E84EE29}"
EndProject
Project("{FAE04EC0-301F-11D3-BF4B-00C04F79EFBC}") = "PetFolio.Communication", "PetFolio.Communication\PetFolio.Communication.csproj", "{CEF5B486-33E8-4A9A-8304-9C23C458F620}"
EndProject
Global
	GlobalSection(SolutionConfigurationPlatforms) = preSolution
		Debug|Any CPU = Debug|Any CPU
		Release|Any CPU = Release|Any CPU
	EndGlobalSection
	GlobalSection(SolutionProperties) = preSolution
		HideSolutionNode = FALSE
	EndGlobalSection
	GlobalSection(ProjectConfigurationPlatforms) = postSolution
		{2FD24991-BAE3-41A4-A9DA-419F11D0B4E3}.Debug|Any CPU.ActiveCfg = Debug|Any CPU
		{2FD24991-BAE3-41A4-A9DA-419F11D0B4E3}.Debug|Any CPU.Build.0 = Debug|Any CPU
		{2FD24991-BAE3-41A4-A9DA-419F11D0B4E3}.Release|Any CPU.ActiveCfg = Release|Any CPU
		{2FD24991-BAE3-41A4-A9DA-419F11D0B4E3}.Release|Any CPU.Build.0 = Release|Any CPU
		{807B76F9-16CA-4A38-859B-69C86E84EE29}.Debug|Any CPU.ActiveCfg = Debug|Any CPU
		{807B76F9-16CA-4A38-859B-69C86E84EE29}.Debug|Any CPU.Build.0 = Debug|Any CPU
		{807B76F9-16CA-4A38-859B-69C86E84EE29}.Release|Any CPU.ActiveCfg = Release|Any CPU
		{807B76F9-16CA-4A38-859B-69C86E84EE29}.Release|Any CPU.Build.0 = Release|Any CPU
		{CEF5B486-33E8-4A9A-8304-9C23C458F620}.Debug|Any CPU.ActiveCfg = Debug|Any CPU
		{CEF5B486-33E8-4A9A-8304-9C23C458F620}.Debug|Any CPU.Build.0 = Debug|Any CPU
		{CEF5B486-33E8-4A9A-8304-9C23C458F620}.Release|Any CPU.ActiveCfg = Release|Any CPU
		{CEF5B486-33E8-4A9A-8304-9C23C458F620}.Release|Any CPU.Build.0 = Release|Any CPU
	EndGlobalSection
EndGlobal
